
Microsoft Visual Studio Solution File, Format Version 12.00
# Visual Studio 15
Project("{FAE04EC0-301F-11D3-BF4B-00C04F79EFBC}") = "Assembly-CSharp", "Assembly-CSharp.csproj", "{2EF055A2-F0D7-9B20-4230-01E011CD0962}"
EndProject
Project("{FAE04EC0-301F-11D3-BF4B-00C04F79EFBC}") = "Assembly-CSharp-Editor", "Assembly-CSharp-Editor.csproj", "{589B9710-9AF6-7A10-D7B8-6E515FD12290}"
EndProject
Global
	GlobalSection(SolutionConfigurationPlatforms) = preSolution
		Debug|Any CPU = Debug|Any CPU
		Release|Any CPU = Release|Any CPU
	EndGlobalSection
	GlobalSection(ProjectConfigurationPlatforms) = postSolution
		{2EF055A2-F0D7-9B20-4230-01E011CD0962}.Debug|Any CPU.ActiveCfg = Debug|Any CPU
		{2EF055A2-F0D7-9B20-4230-01E011CD0962}.Debug|Any CPU.Build.0 = Debug|Any CPU
		{2EF055A2-F0D7-9B20-4230-01E011CD0962}.Release|Any CPU.ActiveCfg = Release|Any CPU
		{2EF055A2-F0D7-9B20-4230-01E011CD0962}.Release|Any CPU.Build.0 = Release|Any CPU
		{589B9710-9AF6-7A10-D7B8-6E515FD12290}.Debug|Any CPU.ActiveCfg = Debug|Any CPU
		{589B9710-9AF6-7A10-D7B8-6E515FD12290}.Debug|Any CPU.Build.0 = Debug|Any CPU
		{589B9710-9AF6-7A10-D7B8-6E515FD12290}.Release|Any CPU.ActiveCfg = Release|Any CPU
		{589B9710-9AF6-7A10-D7B8-6E515FD12290}.Release|Any CPU.Build.0 = Release|Any CPU
	EndGlobalSection
	GlobalSection(SolutionProperties) = preSolution
		HideSolutionNode = FALSE
	EndGlobalSection
EndGlobal
